
Microsoft Visual Studio Solution File, Format Version 12.00
# Visual Studio Version 17
VisualStudioVersion = 17.12.35527.113
MinimumVisualStudioVersion = 10.0.40219.1
Project("{FAE04EC0-301F-11D3-BF4B-00C04F79EFBC}") = "Domain", "Domain\Domain.csproj", "{4E6CDED9-0845-4744-8B93-0B0C246AA571}"
EndProject
Project("{FAE04EC0-301F-11D3-BF4B-00C04F79EFBC}") = "DataAccess", "DataAccess\DataAccess.csproj", "{99ABE02E-E8C9-4280-BC81-576FB18AD362}"
EndProject
Project("{FAE04EC0-301F-11D3-BF4B-00C04F79EFBC}") = "Presentation", "Presentation\Presentation.csproj", "{977CB4C6-5547-4632-B8C4-C09918B0E70B}"
EndProject
Global
	GlobalSection(SolutionConfigurationPlatforms) = preSolution
		Debug|Any CPU = Debug|Any CPU
		Release|Any CPU = Release|Any CPU
	EndGlobalSection
	GlobalSection(ProjectConfigurationPlatforms) = postSolution
		{4E6CDED9-0845-4744-8B93-0B0C246AA571}.Debug|Any CPU.ActiveCfg = Debug|Any CPU
		{4E6CDED9-0845-4744-8B93-0B0C246AA571}.Debug|Any CPU.Build.0 = Debug|Any CPU
		{4E6CDED9-0845-4744-8B93-0B0C246AA571}.Release|Any CPU.ActiveCfg = Release|Any CPU
		{4E6CDED9-0845-4744-8B93-0B0C246AA571}.Release|Any CPU.Build.0 = Release|Any CPU
		{99ABE02E-E8C9-4280-BC81-576FB18AD362}.Debug|Any CPU.ActiveCfg = Debug|Any CPU
		{99ABE02E-E8C9-4280-BC81-576FB18AD362}.Debug|Any CPU.Build.0 = Debug|Any CPU
		{99ABE02E-E8C9-4280-BC81-576FB18AD362}.Release|Any CPU.ActiveCfg = Release|Any CPU
		{99ABE02E-E8C9-4280-BC81-576FB18AD362}.Release|Any CPU.Build.0 = Release|Any CPU
		{977CB4C6-5547-4632-B8C4-C09918B0E70B}.Debug|Any CPU.ActiveCfg = Debug|Any CPU
		{977CB4C6-5547-4632-B8C4-C09918B0E70B}.Debug|Any CPU.Build.0 = Debug|Any CPU
		{977CB4C6-5547-4632-B8C4-C09918B0E70B}.Release|Any CPU.ActiveCfg = Release|Any CPU
		{977CB4C6-5547-4632-B8C4-C09918B0E70B}.Release|Any CPU.Build.0 = Release|Any CPU
	EndGlobalSection
	GlobalSection(SolutionProperties) = preSolution
		HideSolutionNode = FALSE
	EndGlobalSection
EndGlobal
